
Microsoft Visual Studio Solution File, Format Version 12.00
# Visual Studio Version 16
VisualStudioVersion = 16.0.31205.134
MinimumVisualStudioVersion = 10.0.40219.1
Project("{FAE04EC0-301F-11D3-BF4B-00C04F79EFBC}") = "Bai2MVC", "Bai2MVC\Bai2MVC.csproj", "{B1EDB2CC-CD63-495B-B5D3-62283A8A67AF}"
EndProject
Global
	GlobalSection(SolutionConfigurationPlatforms) = preSolution
		Debug|Any CPU = Debug|Any CPU
		Release|Any CPU = Release|Any CPU
	EndGlobalSection
	GlobalSection(ProjectConfigurationPlatforms) = postSolution
		{B1EDB2CC-CD63-495B-B5D3-62283A8A67AF}.Debug|Any CPU.ActiveCfg = Debug|Any CPU
		{B1EDB2CC-CD63-495B-B5D3-62283A8A67AF}.Debug|Any CPU.Build.0 = Debug|Any CPU
		{B1EDB2CC-CD63-495B-B5D3-62283A8A67AF}.Release|Any CPU.ActiveCfg = Release|Any CPU
		{B1EDB2CC-CD63-495B-B5D3-62283A8A67AF}.Release|Any CPU.Build.0 = Release|Any CPU
	EndGlobalSection
	GlobalSection(SolutionProperties) = preSolution
		HideSolutionNode = FALSE
	EndGlobalSection
	GlobalSection(ExtensibilityGlobals) = postSolution
		SolutionGuid = {0593156C-54D8-4414-9C1E-FC20C3BD9B6C}
	EndGlobalSection
EndGlobal
